
Microsoft Visual Studio Solution File, Format Version 12.00
# Visual Studio 2013
VisualStudioVersion = 12.0.40629.0
MinimumVisualStudioVersion = 10.0.40219.1
Project("{2150E333-8FDC-42A3-9474-1A3956D46DE8}") = "Data", "Data", "{57B921F7-C751-475E-87DC-629BF65CB507}"
EndProject
Project("{2150E333-8FDC-42A3-9474-1A3956D46DE8}") = "DTO", "DTO", "{A025D3C1-F119-4E11-AD05-40845D94B221}"
EndProject
Project("{FAE04EC0-301F-11D3-BF4B-00C04F79EFBC}") = "DtoLib", "DtoLib\DtoLib.csproj", "{E7E3FBE8-140C-47EE-A8FE-C8FA0ACF3E29}"
EndProject
Project("{FAE04EC0-301F-11D3-BF4B-00C04F79EFBC}") = "DtoLibPosOffLine", "DtoLibPosOffLine\DtoLibPosOffLine.csproj", "{B61D661E-C092-4AA8-9F6D-0EE349BF81F2}"
EndProject
Project("{2150E333-8FDC-42A3-9474-1A3956D46DE8}") = "IProvider", "IProvider", "{032798FD-A24F-4BE7-B311-80B2F821EF33}"
EndProject
Project("{FAE04EC0-301F-11D3-BF4B-00C04F79EFBC}") = "IPosOffLine", "IPosOffLine\IPosOffLine.csproj", "{0FBD1AEC-4421-4A76-91AC-56191F488935}"
EndProject
Project("{2150E333-8FDC-42A3-9474-1A3956D46DE8}") = "Provider", "Provider", "{7BE8F6D6-09A6-492D-B14C-382A965D1D16}"
EndProject
Project("{FAE04EC0-301F-11D3-BF4B-00C04F79EFBC}") = "ProvPosOffLine", "ProvPosOffLine\ProvPosOffLine.csproj", "{D646B11F-5B2B-40D6-A425-4A846ED854CC}"
EndProject
Global
	GlobalSection(SolutionConfigurationPlatforms) = preSolution
		Debug|Any CPU = Debug|Any CPU
		Release|Any CPU = Release|Any CPU
	EndGlobalSection
	GlobalSection(ProjectConfigurationPlatforms) = postSolution
		{E7E3FBE8-140C-47EE-A8FE-C8FA0ACF3E29}.Debug|Any CPU.ActiveCfg = Debug|Any CPU
		{E7E3FBE8-140C-47EE-A8FE-C8FA0ACF3E29}.Debug|Any CPU.Build.0 = Debug|Any CPU
		{E7E3FBE8-140C-47EE-A8FE-C8FA0ACF3E29}.Release|Any CPU.ActiveCfg = Release|Any CPU
		{E7E3FBE8-140C-47EE-A8FE-C8FA0ACF3E29}.Release|Any CPU.Build.0 = Release|Any CPU
		{B61D661E-C092-4AA8-9F6D-0EE349BF81F2}.Debug|Any CPU.ActiveCfg = Debug|Any CPU
		{B61D661E-C092-4AA8-9F6D-0EE349BF81F2}.Debug|Any CPU.Build.0 = Debug|Any CPU
		{B61D661E-C092-4AA8-9F6D-0EE349BF81F2}.Release|Any CPU.ActiveCfg = Release|Any CPU
		{B61D661E-C092-4AA8-9F6D-0EE349BF81F2}.Release|Any CPU.Build.0 = Release|Any CPU
		{0FBD1AEC-4421-4A76-91AC-56191F488935}.Debug|Any CPU.ActiveCfg = Debug|Any CPU
		{0FBD1AEC-4421-4A76-91AC-56191F488935}.Debug|Any CPU.Build.0 = Debug|Any CPU
		{0FBD1AEC-4421-4A76-91AC-56191F488935}.Release|Any CPU.ActiveCfg = Release|Any CPU
		{0FBD1AEC-4421-4A76-91AC-56191F488935}.Release|Any CPU.Build.0 = Release|Any CPU
		{D646B11F-5B2B-40D6-A425-4A846ED854CC}.Debug|Any CPU.ActiveCfg = Debug|Any CPU
		{D646B11F-5B2B-40D6-A425-4A846ED854CC}.Debug|Any CPU.Build.0 = Debug|Any CPU
		{D646B11F-5B2B-40D6-A425-4A846ED854CC}.Release|Any CPU.ActiveCfg = Release|Any CPU
		{D646B11F-5B2B-40D6-A425-4A846ED854CC}.Release|Any CPU.Build.0 = Release|Any CPU
	EndGlobalSection
	GlobalSection(SolutionProperties) = preSolution
		HideSolutionNode = FALSE
	EndGlobalSection
	GlobalSection(NestedProjects) = preSolution
		{A025D3C1-F119-4E11-AD05-40845D94B221} = {57B921F7-C751-475E-87DC-629BF65CB507}
		{E7E3FBE8-140C-47EE-A8FE-C8FA0ACF3E29} = {A025D3C1-F119-4E11-AD05-40845D94B221}
		{B61D661E-C092-4AA8-9F6D-0EE349BF81F2} = {A025D3C1-F119-4E11-AD05-40845D94B221}
		{032798FD-A24F-4BE7-B311-80B2F821EF33} = {57B921F7-C751-475E-87DC-629BF65CB507}
		{0FBD1AEC-4421-4A76-91AC-56191F488935} = {032798FD-A24F-4BE7-B311-80B2F821EF33}
		{7BE8F6D6-09A6-492D-B14C-382A965D1D16} = {57B921F7-C751-475E-87DC-629BF65CB507}
		{D646B11F-5B2B-40D6-A425-4A846ED854CC} = {7BE8F6D6-09A6-492D-B14C-382A965D1D16}
	EndGlobalSection
EndGlobal
